// !$*UTF8*$!
{
	archiveVersion = 1;
	classes = {
	};
	objectVersion = 55;
	objects = {

/* Begin PBXBuildFile section */
		9C14EDB2290AAC90002E2C50 /* AuthenticationNavigationDelegate.swift in Sources */ = {isa = PBXBuildFile; fileRef = 9C14EDB1290AAC90002E2C50 /* AuthenticationNavigationDelegate.swift */; };
		9C14EDB4290AAFFB002E2C50 /* FirestoreService.swift in Sources */ = {isa = PBXBuildFile; fileRef = 9C14EDB3290AAFFB002E2C50 /* FirestoreService.swift */; };
		9C14EDBA290AB0C9002E2C50 /* FirebaseAuth in Frameworks */ = {isa = PBXBuildFile; productRef = 9C14EDB9290AB0C9002E2C50 /* FirebaseAuth */; };
		9C14EDBC290AB0C9002E2C50 /* FirebaseFirestore in Frameworks */ = {isa = PBXBuildFile; productRef = 9C14EDBB290AB0C9002E2C50 /* FirebaseFirestore */; };
		9C14EDBE290AB0C9002E2C50 /* FirebaseFirestoreSwift in Frameworks */ = {isa = PBXBuildFile; productRef = 9C14EDBD290AB0C9002E2C50 /* FirebaseFirestoreSwift */; };
		9C14EDC0290AB0C9002E2C50 /* FirebaseStorage in Frameworks */ = {isa = PBXBuildFile; productRef = 9C14EDBF290AB0C9002E2C50 /* FirebaseStorage */; };
		9C14EDC2290AB373002E2C50 /* SaveProfileErrors.swift in Sources */ = {isa = PBXBuildFile; fileRef = 9C14EDC1290AB373002E2C50 /* SaveProfileErrors.swift */; };
		9C14EDC4290AC2F1002E2C50 /* SceneDelegate + Ext.swift in Sources */ = {isa = PBXBuildFile; fileRef = 9C14EDC3290AC2F1002E2C50 /* SceneDelegate + Ext.swift */; };
		9C185F4329087EA700C7296B /* UIStackView + Ext.swift in Sources */ = {isa = PBXBuildFile; fileRef = 9C185F4229087EA700C7296B /* UIStackView + Ext.swift */; };
		9C185F472908854C00C7296B /* SignUpViewController.swift in Sources */ = {isa = PBXBuildFile; fileRef = 9C185F462908854C00C7296B /* SignUpViewController.swift */; };
		9C1E4F7B29086621001BED50 /* AppDelegate.swift in Sources */ = {isa = PBXBuildFile; fileRef = 9C1E4F7A29086621001BED50 /* AppDelegate.swift */; };
		9C1E4F7D29086621001BED50 /* SceneDelegate.swift in Sources */ = {isa = PBXBuildFile; fileRef = 9C1E4F7C29086621001BED50 /* SceneDelegate.swift */; };
		9C1E4F7F29086621001BED50 /* AuthenticationViewController.swift in Sources */ = {isa = PBXBuildFile; fileRef = 9C1E4F7E29086621001BED50 /* AuthenticationViewController.swift */; };
		9C1E4F8429086622001BED50 /* Assets.xcassets in Resources */ = {isa = PBXBuildFile; fileRef = 9C1E4F8329086622001BED50 /* Assets.xcassets */; };
		9C1E4F8729086622001BED50 /* LaunchScreen.storyboard in Resources */ = {isa = PBXBuildFile; fileRef = 9C1E4F8529086622001BED50 /* LaunchScreen.storyboard */; };
		9C1E4F9429086B89001BED50 /* UIButton + Ext.swift in Sources */ = {isa = PBXBuildFile; fileRef = 9C1E4F9329086B89001BED50 /* UIButton + Ext.swift */; };
		9C1E4F9629086D5D001BED50 /* UIFont + Ext.swift in Sources */ = {isa = PBXBuildFile; fileRef = 9C1E4F9529086D5D001BED50 /* UIFont + Ext.swift */; };
		9C1E4F9829086DF5001BED50 /* UIColor + Ext.swift in Sources */ = {isa = PBXBuildFile; fileRef = 9C1E4F9729086DF5001BED50 /* UIColor + Ext.swift */; };
		9C1E4F9A2908700E001BED50 /* UILabel + Ext.swift in Sources */ = {isa = PBXBuildFile; fileRef = 9C1E4F992908700E001BED50 /* UILabel + Ext.swift */; };
		9C1E4F9C290870B1001BED50 /* UIImageView + Ext.swift in Sources */ = {isa = PBXBuildFile; fileRef = 9C1E4F9B290870B1001BED50 /* UIImageView + Ext.swift */; };
		9C1E4FA029087706001BED50 /* SnapKit in Frameworks */ = {isa = PBXBuildFile; productRef = 9C1E4F9F29087706001BED50 /* SnapKit */; };
		9C318FE52909260C00F8589A /* OneLineTextField.swift in Sources */ = {isa = PBXBuildFile; fileRef = 9C318FE42909260C00F8589A /* OneLineTextField.swift */; };
		9C318FE729092C1A00F8589A /* LoginViewController.swift in Sources */ = {isa = PBXBuildFile; fileRef = 9C318FE629092C1A00F8589A /* LoginViewController.swift */; };
		9C318FE9290931BA00F8589A /* RegistrationViewController.swift in Sources */ = {isa = PBXBuildFile; fileRef = 9C318FE8290931BA00F8589A /* RegistrationViewController.swift */; };
		9C318FEB2909332300F8589A /* AddPhotoView.swift in Sources */ = {isa = PBXBuildFile; fileRef = 9C318FEA2909332300F8589A /* AddPhotoView.swift */; };
		9C318FED290938DD00F8589A /* SegmentedControl + Ext.swift in Sources */ = {isa = PBXBuildFile; fileRef = 9C318FEC290938DD00F8589A /* SegmentedControl + Ext.swift */; };
		9C318FF129093E0B00F8589A /* MainTabBarController.swift in Sources */ = {isa = PBXBuildFile; fileRef = 9C318FF029093E0B00F8589A /* MainTabBarController.swift */; };
		9C318FF529093E6500F8589A /* UsersViewController.swift in Sources */ = {isa = PBXBuildFile; fileRef = 9C318FF429093E6500F8589A /* UsersViewController.swift */; };
		9C318FF729093E7000F8589A /* ChatListViewController.swift in Sources */ = {isa = PBXBuildFile; fileRef = 9C318FF629093E7000F8589A /* ChatListViewController.swift */; };
		9C319002290961AE00F8589A /* ActiveChatCollectionViewCell.swift in Sources */ = {isa = PBXBuildFile; fileRef = 9C319001290961AE00F8589A /* ActiveChatCollectionViewCell.swift */; };
		9C3190052909688F00F8589A /* GradientView.swift in Sources */ = {isa = PBXBuildFile; fileRef = 9C3190042909688F00F8589A /* GradientView.swift */; };
		9C31900729096CA200F8589A /* WaitingChatCollectionViewCell.swift in Sources */ = {isa = PBXBuildFile; fileRef = 9C31900629096CA200F8589A /* WaitingChatCollectionViewCell.swift */; };
		9C31900A29096D9200F8589A /* CollectionCellProtocol.swift in Sources */ = {isa = PBXBuildFile; fileRef = 9C31900929096D9200F8589A /* CollectionCellProtocol.swift */; };
		9C31900C29096EB200F8589A /* SectionHeader.swift in Sources */ = {isa = PBXBuildFile; fileRef = 9C31900B29096EB200F8589A /* SectionHeader.swift */; };
		9C86B890290991480041729B /* Bundle + Ext.swift in Sources */ = {isa = PBXBuildFile; fileRef = 9C86B88F290991480041729B /* Bundle + Ext.swift */; };
		9C86B896290994CF0041729B /* waitingChats.json in Resources */ = {isa = PBXBuildFile; fileRef = 9C86B8932909920D0041729B /* waitingChats.json */; };
		9C86B897290994D30041729B /* activeChats.json in Resources */ = {isa = PBXBuildFile; fileRef = 9C86B894290992380041729B /* activeChats.json */; };
		9C86B898290995020041729B /* users.json in Resources */ = {isa = PBXBuildFile; fileRef = 9C86B895290992820041729B /* users.json */; };
		9C86B89B2909958D0041729B /* MUser.swift in Sources */ = {isa = PBXBuildFile; fileRef = 9C86B89A2909958D0041729B /* MUser.swift */; };
		9C86B89E290995C60041729B /* MChat.swift in Sources */ = {isa = PBXBuildFile; fileRef = 9C86B89D290995C60041729B /* MChat.swift */; };
		9C86B8A029099DF80041729B /* UserCollectionViewCell.swift in Sources */ = {isa = PBXBuildFile; fileRef = 9C86B89F29099DF80041729B /* UserCollectionViewCell.swift */; };
		9C86B8A229099F580041729B /* UIViewController + Ext.swift in Sources */ = {isa = PBXBuildFile; fileRef = 9C86B8A129099F580041729B /* UIViewController + Ext.swift */; };
		9C890DE7290A7820009D5CDF /* AuthenticationService.swift in Sources */ = {isa = PBXBuildFile; fileRef = 9C890DE6290A7820009D5CDF /* AuthenticationService.swift */; };
		9C890DE9290A803A009D5CDF /* ValidationService.swift in Sources */ = {isa = PBXBuildFile; fileRef = 9C890DE8290A803A009D5CDF /* ValidationService.swift */; };
		9C890DEB290A82E3009D5CDF /* AuthErrors.swift in Sources */ = {isa = PBXBuildFile; fileRef = 9C890DEA290A82E3009D5CDF /* AuthErrors.swift */; };
		9C9369FB2909CD8000470F86 /* ProfileViewController.swift in Sources */ = {isa = PBXBuildFile; fileRef = 9C9369FA2909CD8000470F86 /* ProfileViewController.swift */; };
		9C9369FD2909D1C300470F86 /* ProfileTextField.swift in Sources */ = {isa = PBXBuildFile; fileRef = 9C9369FC2909D1C300470F86 /* ProfileTextField.swift */; };
		9C9369FF2909D61A00470F86 /* UIView + Ext.swift in Sources */ = {isa = PBXBuildFile; fileRef = 9C9369FE2909D61A00470F86 /* UIView + Ext.swift */; };
		9C936A012909DAB000470F86 /* ChatRequestViewController.swift in Sources */ = {isa = PBXBuildFile; fileRef = 9C936A002909DAB000470F86 /* ChatRequestViewController.swift */; };
		9C936A032909E2F300470F86 /* GoogleService-Info.plist in Resources */ = {isa = PBXBuildFile; fileRef = 9C936A022909E2F300470F86 /* GoogleService-Info.plist */; };
		9CE68FCE29087837000CD9D9 /* ButtonView.swift in Sources */ = {isa = PBXBuildFile; fileRef = 9CE68FCD29087837000CD9D9 /* ButtonView.swift */; };
/* End PBXBuildFile section */

/* Begin PBXFileReference section */
		9C14EDB1290AAC90002E2C50 /* AuthenticationNavigationDelegate.swift */ = {isa = PBXFileReference; lastKnownFileType = sourcecode.swift; path = AuthenticationNavigationDelegate.swift; sourceTree = "<group>"; };
		9C14EDB3290AAFFB002E2C50 /* FirestoreService.swift */ = {isa = PBXFileReference; lastKnownFileType = sourcecode.swift; path = FirestoreService.swift; sourceTree = "<group>"; };
		9C14EDC1290AB373002E2C50 /* SaveProfileErrors.swift */ = {isa = PBXFileReference; lastKnownFileType = sourcecode.swift; path = SaveProfileErrors.swift; sourceTree = "<group>"; };
		9C14EDC3290AC2F1002E2C50 /* SceneDelegate + Ext.swift */ = {isa = PBXFileReference; lastKnownFileType = sourcecode.swift; path = "SceneDelegate + Ext.swift"; sourceTree = "<group>"; };
		9C185F4229087EA700C7296B /* UIStackView + Ext.swift */ = {isa = PBXFileReference; lastKnownFileType = sourcecode.swift; path = "UIStackView + Ext.swift"; sourceTree = "<group>"; };
		9C185F462908854C00C7296B /* SignUpViewController.swift */ = {isa = PBXFileReference; lastKnownFileType = sourcecode.swift; path = SignUpViewController.swift; sourceTree = "<group>"; };
		9C1E4F7729086621001BED50 /* SpaceChat.app */ = {isa = PBXFileReference; explicitFileType = wrapper.application; includeInIndex = 0; path = SpaceChat.app; sourceTree = BUILT_PRODUCTS_DIR; };
		9C1E4F7A29086621001BED50 /* AppDelegate.swift */ = {isa = PBXFileReference; lastKnownFileType = sourcecode.swift; path = AppDelegate.swift; sourceTree = "<group>"; };
		9C1E4F7C29086621001BED50 /* SceneDelegate.swift */ = {isa = PBXFileReference; lastKnownFileType = sourcecode.swift; path = SceneDelegate.swift; sourceTree = "<group>"; };
		9C1E4F7E29086621001BED50 /* AuthenticationViewController.swift */ = {isa = PBXFileReference; lastKnownFileType = sourcecode.swift; path = AuthenticationViewController.swift; sourceTree = "<group>"; };
		9C1E4F8329086622001BED50 /* Assets.xcassets */ = {isa = PBXFileReference; lastKnownFileType = folder.assetcatalog; path = Assets.xcassets; sourceTree = "<group>"; };
		9C1E4F8629086622001BED50 /* Base */ = {isa = PBXFileReference; lastKnownFileType = file.storyboard; name = Base; path = Base.lproj/LaunchScreen.storyboard; sourceTree = "<group>"; };
		9C1E4F8829086622001BED50 /* Info.plist */ = {isa = PBXFileReference; lastKnownFileType = text.plist.xml; path = Info.plist; sourceTree = "<group>"; };
		9C1E4F9329086B89001BED50 /* UIButton + Ext.swift */ = {isa = PBXFileReference; lastKnownFileType = sourcecode.swift; path = "UIButton + Ext.swift"; sourceTree = "<group>"; };
		9C1E4F9529086D5D001BED50 /* UIFont + Ext.swift */ = {isa = PBXFileReference; lastKnownFileType = sourcecode.swift; path = "UIFont + Ext.swift"; sourceTree = "<group>"; };
		9C1E4F9729086DF5001BED50 /* UIColor + Ext.swift */ = {isa = PBXFileReference; lastKnownFileType = sourcecode.swift; path = "UIColor + Ext.swift"; sourceTree = "<group>"; };
		9C1E4F992908700E001BED50 /* UILabel + Ext.swift */ = {isa = PBXFileReference; lastKnownFileType = sourcecode.swift; path = "UILabel + Ext.swift"; sourceTree = "<group>"; };
		9C1E4F9B290870B1001BED50 /* UIImageView + Ext.swift */ = {isa = PBXFileReference; lastKnownFileType = sourcecode.swift; path = "UIImageView + Ext.swift"; sourceTree = "<group>"; };
		9C318FE42909260C00F8589A /* OneLineTextField.swift */ = {isa = PBXFileReference; lastKnownFileType = sourcecode.swift; path = OneLineTextField.swift; sourceTree = "<group>"; };
		9C318FE629092C1A00F8589A /* LoginViewController.swift */ = {isa = PBXFileReference; lastKnownFileType = sourcecode.swift; path = LoginViewController.swift; sourceTree = "<group>"; };
		9C318FE8290931BA00F8589A /* RegistrationViewController.swift */ = {isa = PBXFileReference; lastKnownFileType = sourcecode.swift; path = RegistrationViewController.swift; sourceTree = "<group>"; };
		9C318FEA2909332300F8589A /* AddPhotoView.swift */ = {isa = PBXFileReference; lastKnownFileType = sourcecode.swift; path = AddPhotoView.swift; sourceTree = "<group>"; };
		9C318FEC290938DD00F8589A /* SegmentedControl + Ext.swift */ = {isa = PBXFileReference; lastKnownFileType = sourcecode.swift; path = "SegmentedControl + Ext.swift"; sourceTree = "<group>"; };
		9C318FF029093E0B00F8589A /* MainTabBarController.swift */ = {isa = PBXFileReference; lastKnownFileType = sourcecode.swift; path = MainTabBarController.swift; sourceTree = "<group>"; };
		9C318FF429093E6500F8589A /* UsersViewController.swift */ = {isa = PBXFileReference; lastKnownFileType = sourcecode.swift; path = UsersViewController.swift; sourceTree = "<group>"; };
		9C318FF629093E7000F8589A /* ChatListViewController.swift */ = {isa = PBXFileReference; lastKnownFileType = sourcecode.swift; path = ChatListViewController.swift; sourceTree = "<group>"; };
		9C319001290961AE00F8589A /* ActiveChatCollectionViewCell.swift */ = {isa = PBXFileReference; lastKnownFileType = sourcecode.swift; path = ActiveChatCollectionViewCell.swift; sourceTree = "<group>"; };
		9C3190042909688F00F8589A /* GradientView.swift */ = {isa = PBXFileReference; lastKnownFileType = sourcecode.swift; path = GradientView.swift; sourceTree = "<group>"; };
		9C31900629096CA200F8589A /* WaitingChatCollectionViewCell.swift */ = {isa = PBXFileReference; lastKnownFileType = sourcecode.swift; path = WaitingChatCollectionViewCell.swift; sourceTree = "<group>"; };
		9C31900929096D9200F8589A /* CollectionCellProtocol.swift */ = {isa = PBXFileReference; lastKnownFileType = sourcecode.swift; path = CollectionCellProtocol.swift; sourceTree = "<group>"; };
		9C31900B29096EB200F8589A /* SectionHeader.swift */ = {isa = PBXFileReference; lastKnownFileType = sourcecode.swift; path = SectionHeader.swift; sourceTree = "<group>"; };
		9C86B88F290991480041729B /* Bundle + Ext.swift */ = {isa = PBXFileReference; lastKnownFileType = sourcecode.swift; path = "Bundle + Ext.swift"; sourceTree = "<group>"; };
		9C86B8932909920D0041729B /* waitingChats.json */ = {isa = PBXFileReference; lastKnownFileType = text.json; path = waitingChats.json; sourceTree = "<group>"; };
		9C86B894290992380041729B /* activeChats.json */ = {isa = PBXFileReference; lastKnownFileType = text.json; path = activeChats.json; sourceTree = "<group>"; };
		9C86B895290992820041729B /* users.json */ = {isa = PBXFileReference; lastKnownFileType = text.json; path = users.json; sourceTree = "<group>"; };
		9C86B89A2909958D0041729B /* MUser.swift */ = {isa = PBXFileReference; lastKnownFileType = sourcecode.swift; path = MUser.swift; sourceTree = "<group>"; };
		9C86B89D290995C60041729B /* MChat.swift */ = {isa = PBXFileReference; lastKnownFileType = sourcecode.swift; path = MChat.swift; sourceTree = "<group>"; };
		9C86B89F29099DF80041729B /* UserCollectionViewCell.swift */ = {isa = PBXFileReference; lastKnownFileType = sourcecode.swift; path = UserCollectionViewCell.swift; sourceTree = "<group>"; };
		9C86B8A129099F580041729B /* UIViewController + Ext.swift */ = {isa = PBXFileReference; lastKnownFileType = sourcecode.swift; path = "UIViewController + Ext.swift"; sourceTree = "<group>"; };
		9C890DE6290A7820009D5CDF /* AuthenticationService.swift */ = {isa = PBXFileReference; lastKnownFileType = sourcecode.swift; path = AuthenticationService.swift; sourceTree = "<group>"; };
		9C890DE8290A803A009D5CDF /* ValidationService.swift */ = {isa = PBXFileReference; lastKnownFileType = sourcecode.swift; path = ValidationService.swift; sourceTree = "<group>"; };
		9C890DEA290A82E3009D5CDF /* AuthErrors.swift */ = {isa = PBXFileReference; lastKnownFileType = sourcecode.swift; path = AuthErrors.swift; sourceTree = "<group>"; };
		9C9369FA2909CD8000470F86 /* ProfileViewController.swift */ = {isa = PBXFileReference; lastKnownFileType = sourcecode.swift; path = ProfileViewController.swift; sourceTree = "<group>"; };
		9C9369FC2909D1C300470F86 /* ProfileTextField.swift */ = {isa = PBXFileReference; lastKnownFileType = sourcecode.swift; path = ProfileTextField.swift; sourceTree = "<group>"; };
		9C9369FE2909D61A00470F86 /* UIView + Ext.swift */ = {isa = PBXFileReference; lastKnownFileType = sourcecode.swift; path = "UIView + Ext.swift"; sourceTree = "<group>"; };
		9C936A002909DAB000470F86 /* ChatRequestViewController.swift */ = {isa = PBXFileReference; lastKnownFileType = sourcecode.swift; path = ChatRequestViewController.swift; sourceTree = "<group>"; };
		9C936A022909E2F300470F86 /* GoogleService-Info.plist */ = {isa = PBXFileReference; fileEncoding = 4; lastKnownFileType = text.plist.xml; name = "GoogleService-Info.plist"; path = "../../../../../../Downloads/GoogleService-Info.plist"; sourceTree = "<group>"; };
		9CE68FCD29087837000CD9D9 /* ButtonView.swift */ = {isa = PBXFileReference; lastKnownFileType = sourcecode.swift; path = ButtonView.swift; sourceTree = "<group>"; };
/* End PBXFileReference section */

/* Begin PBXFrameworksBuildPhase section */
		9C1E4F7429086621001BED50 /* Frameworks */ = {
			isa = PBXFrameworksBuildPhase;
			buildActionMask = 2147483647;
			files = (
				9C1E4FA029087706001BED50 /* SnapKit in Frameworks */,
				9C14EDBA290AB0C9002E2C50 /* FirebaseAuth in Frameworks */,
				9C14EDBC290AB0C9002E2C50 /* FirebaseFirestore in Frameworks */,
				9C14EDC0290AB0C9002E2C50 /* FirebaseStorage in Frameworks */,
				9C14EDBE290AB0C9002E2C50 /* FirebaseFirestoreSwift in Frameworks */,
			);
			runOnlyForDeploymentPostprocessing = 0;
		};
/* End PBXFrameworksBuildPhase section */

/* Begin PBXGroup section */
		9C185F442908803600C7296B /* ViewControllers */ = {
			isa = PBXGroup;
			children = (
				9C3190032909687D00F8589A /* TabBar */,
				9C318FFE2909617D00F8589A /* Cells */,
				9C318FEF29093DF900F8589A /* Core */,
				9C318FEE29093DD900F8589A /* Sign In */,
			);
			path = ViewControllers;
			sourceTree = "<group>";
		};
		9C185F452908804500C7296B /* CustomViews */ = {
			isa = PBXGroup;
			children = (
				9CE68FCD29087837000CD9D9 /* ButtonView.swift */,
				9C318FE42909260C00F8589A /* OneLineTextField.swift */,
				9C318FEA2909332300F8589A /* AddPhotoView.swift */,
				9C3190042909688F00F8589A /* GradientView.swift */,
				9C31900B29096EB200F8589A /* SectionHeader.swift */,
				9C9369FC2909D1C300470F86 /* ProfileTextField.swift */,
			);
			path = CustomViews;
			sourceTree = "<group>";
		};
		9C1E4F6E29086621001BED50 = {
			isa = PBXGroup;
			children = (
				9C1E4F7929086621001BED50 /* SpaceChat */,
				9C1E4F7829086621001BED50 /* Products */,
			);
			sourceTree = "<group>";
		};
		9C1E4F7829086621001BED50 /* Products */ = {
			isa = PBXGroup;
			children = (
				9C1E4F7729086621001BED50 /* SpaceChat.app */,
			);
			name = Products;
			sourceTree = "<group>";
		};
		9C1E4F7929086621001BED50 /* SpaceChat */ = {
			isa = PBXGroup;
			children = (
				9C1E4F8F290869A5001BED50 /* Sources */,
				9C1E4F8E290869A0001BED50 /* Resources */,
			);
			path = SpaceChat;
			sourceTree = "<group>";
		};
		9C1E4F8E290869A0001BED50 /* Resources */ = {
			isa = PBXGroup;
			children = (
				9C936A022909E2F300470F86 /* GoogleService-Info.plist */,
				9C1E4F8829086622001BED50 /* Info.plist */,
				9C1E4F8329086622001BED50 /* Assets.xcassets */,
			);
			path = Resources;
			sourceTree = "<group>";
		};
		9C1E4F8F290869A5001BED50 /* Sources */ = {
			isa = PBXGroup;
			children = (
				9C890DEC290A8592009D5CDF /* Helpers */,
				9C890DE5290A77FE009D5CDF /* Services */,
				9C86B899290995840041729B /* Models */,
				9C86B8932909920D0041729B /* waitingChats.json */,
				9C86B895290992820041729B /* users.json */,
				9C86B894290992380041729B /* activeChats.json */,
				9C31900829096D7F00F8589A /* Protocols */,
				9C185F452908804500C7296B /* CustomViews */,
				9C185F442908803600C7296B /* ViewControllers */,
				9C1E4F9229086B7F001BED50 /* Extensions */,
				9C1E4F91290869BC001BED50 /* App */,
				9C1E4F90290869B1001BED50 /* Storyboards */,
			);
			path = Sources;
			sourceTree = "<group>";
		};
		9C1E4F90290869B1001BED50 /* Storyboards */ = {
			isa = PBXGroup;
			children = (
				9C1E4F8529086622001BED50 /* LaunchScreen.storyboard */,
			);
			path = Storyboards;
			sourceTree = "<group>";
		};
		9C1E4F91290869BC001BED50 /* App */ = {
			isa = PBXGroup;
			children = (
				9C1E4F7A29086621001BED50 /* AppDelegate.swift */,
				9C1E4F7C29086621001BED50 /* SceneDelegate.swift */,
			);
			path = App;
			sourceTree = "<group>";
		};
		9C1E4F9229086B7F001BED50 /* Extensions */ = {
			isa = PBXGroup;
			children = (
				9C1E4F9D29087668001BED50 /* UIKit */,
			);
			path = Extensions;
			sourceTree = "<group>";
		};
		9C1E4F9D29087668001BED50 /* UIKit */ = {
			isa = PBXGroup;
			children = (
				9C1E4F9329086B89001BED50 /* UIButton + Ext.swift */,
				9C1E4F9529086D5D001BED50 /* UIFont + Ext.swift */,
				9C1E4F9729086DF5001BED50 /* UIColor + Ext.swift */,
				9C1E4F992908700E001BED50 /* UILabel + Ext.swift */,
				9C1E4F9B290870B1001BED50 /* UIImageView + Ext.swift */,
				9C185F4229087EA700C7296B /* UIStackView + Ext.swift */,
				9C318FEC290938DD00F8589A /* SegmentedControl + Ext.swift */,
				9C86B88F290991480041729B /* Bundle + Ext.swift */,
				9C86B8A129099F580041729B /* UIViewController + Ext.swift */,
				9C9369FE2909D61A00470F86 /* UIView + Ext.swift */,
				9C14EDC3290AC2F1002E2C50 /* SceneDelegate + Ext.swift */,
			);
			path = UIKit;
			sourceTree = "<group>";
		};
		9C318FEE29093DD900F8589A /* Sign In */ = {
			isa = PBXGroup;
			children = (
				9C1E4F7E29086621001BED50 /* AuthenticationViewController.swift */,
				9C185F462908854C00C7296B /* SignUpViewController.swift */,
				9C318FE629092C1A00F8589A /* LoginViewController.swift */,
				9C318FE8290931BA00F8589A /* RegistrationViewController.swift */,
			);
			path = "Sign In";
			sourceTree = "<group>";
		};
		9C318FEF29093DF900F8589A /* Core */ = {
			isa = PBXGroup;
			children = (
				9C318FF629093E7000F8589A /* ChatListViewController.swift */,
				9C318FF429093E6500F8589A /* UsersViewController.swift */,
				9C9369FA2909CD8000470F86 /* ProfileViewController.swift */,
				9C936A002909DAB000470F86 /* ChatRequestViewController.swift */,
			);
			path = Core;
			sourceTree = "<group>";
		};
		9C318FFE2909617D00F8589A /* Cells */ = {
			isa = PBXGroup;
			children = (
				9C319001290961AE00F8589A /* ActiveChatCollectionViewCell.swift */,
				9C31900629096CA200F8589A /* WaitingChatCollectionViewCell.swift */,
				9C86B89F29099DF80041729B /* UserCollectionViewCell.swift */,
			);
			path = Cells;
			sourceTree = "<group>";
		};
		9C3190032909687D00F8589A /* TabBar */ = {
			isa = PBXGroup;
			children = (
				9C318FF029093E0B00F8589A /* MainTabBarController.swift */,
			);
			path = TabBar;
			sourceTree = "<group>";
		};
		9C31900829096D7F00F8589A /* Protocols */ = {
			isa = PBXGroup;
			children = (
				9C31900929096D9200F8589A /* CollectionCellProtocol.swift */,
				9C14EDB1290AAC90002E2C50 /* AuthenticationNavigationDelegate.swift */,
			);
			path = Protocols;
			sourceTree = "<group>";
		};
		9C86B899290995840041729B /* Models */ = {
			isa = PBXGroup;
			children = (
				9C86B89A2909958D0041729B /* MUser.swift */,
				9C86B89D290995C60041729B /* MChat.swift */,
			);
			path = Models;
			sourceTree = "<group>";
		};
		9C890DE5290A77FE009D5CDF /* Services */ = {
			isa = PBXGroup;
			children = (
				9C890DE6290A7820009D5CDF /* AuthenticationService.swift */,
				9C14EDB3290AAFFB002E2C50 /* FirestoreService.swift */,
			);
			path = Services;
			sourceTree = "<group>";
		};
		9C890DEC290A8592009D5CDF /* Helpers */ = {
			isa = PBXGroup;
			children = (
				9C890DEA290A82E3009D5CDF /* AuthErrors.swift */,
				9C890DE8290A803A009D5CDF /* ValidationService.swift */,
				9C14EDC1290AB373002E2C50 /* SaveProfileErrors.swift */,
			);
			path = Helpers;
			sourceTree = "<group>";
		};
/* End PBXGroup section */

/* Begin PBXNativeTarget section */
		9C1E4F7629086621001BED50 /* SpaceChat */ = {
			isa = PBXNativeTarget;
			buildConfigurationList = 9C1E4F8B29086622001BED50 /* Build configuration list for PBXNativeTarget "SpaceChat" */;
			buildPhases = (
				9C1E4F7329086621001BED50 /* Sources */,
				9C1E4F7429086621001BED50 /* Frameworks */,
				9C1E4F7529086621001BED50 /* Resources */,
			);
			buildRules = (
			);
			dependencies = (
			);
			name = SpaceChat;
			packageProductDependencies = (
				9C1E4F9F29087706001BED50 /* SnapKit */,
				9C14EDB9290AB0C9002E2C50 /* FirebaseAuth */,
				9C14EDBB290AB0C9002E2C50 /* FirebaseFirestore */,
				9C14EDBD290AB0C9002E2C50 /* FirebaseFirestoreSwift */,
				9C14EDBF290AB0C9002E2C50 /* FirebaseStorage */,
			);
			productName = SpaceChat;
			productReference = 9C1E4F7729086621001BED50 /* SpaceChat.app */;
			productType = "com.apple.product-type.application";
		};
/* End PBXNativeTarget section */

/* Begin PBXProject section */
		9C1E4F6F29086621001BED50 /* Project object */ = {
			isa = PBXProject;
			attributes = {
				BuildIndependentTargetsInParallel = 1;
				LastSwiftUpdateCheck = 1330;
				LastUpgradeCheck = 1330;
				TargetAttributes = {
					9C1E4F7629086621001BED50 = {
						CreatedOnToolsVersion = 13.3.1;
					};
				};
			};
			buildConfigurationList = 9C1E4F7229086621001BED50 /* Build configuration list for PBXProject "SpaceChat" */;
			compatibilityVersion = "Xcode 13.0";
			developmentRegion = en;
			hasScannedForEncodings = 0;
			knownRegions = (
				en,
				Base,
			);
			mainGroup = 9C1E4F6E29086621001BED50;
			packageReferences = (
				9C1E4F9E29087706001BED50 /* XCRemoteSwiftPackageReference "SnapKit" */,
				9C14EDB8290AB0C9002E2C50 /* XCRemoteSwiftPackageReference "firebase-ios-sdk" */,
			);
			productRefGroup = 9C1E4F7829086621001BED50 /* Products */;
			projectDirPath = "";
			projectRoot = "";
			targets = (
				9C1E4F7629086621001BED50 /* SpaceChat */,
			);
		};
/* End PBXProject section */

/* Begin PBXResourcesBuildPhase section */
		9C1E4F7529086621001BED50 /* Resources */ = {
			isa = PBXResourcesBuildPhase;
			buildActionMask = 2147483647;
			files = (
				9C86B898290995020041729B /* users.json in Resources */,
				9C86B897290994D30041729B /* activeChats.json in Resources */,
				9C86B896290994CF0041729B /* waitingChats.json in Resources */,
				9C1E4F8729086622001BED50 /* LaunchScreen.storyboard in Resources */,
				9C1E4F8429086622001BED50 /* Assets.xcassets in Resources */,
				9C936A032909E2F300470F86 /* GoogleService-Info.plist in Resources */,
			);
			runOnlyForDeploymentPostprocessing = 0;
		};
/* End PBXResourcesBuildPhase section */

/* Begin PBXSourcesBuildPhase section */
		9C1E4F7329086621001BED50 /* Sources */ = {
			isa = PBXSourcesBuildPhase;
			buildActionMask = 2147483647;
			files = (
				9C86B89E290995C60041729B /* MChat.swift in Sources */,
				9C14EDC4290AC2F1002E2C50 /* SceneDelegate + Ext.swift in Sources */,
				9C318FED290938DD00F8589A /* SegmentedControl + Ext.swift in Sources */,
				9C9369FF2909D61A00470F86 /* UIView + Ext.swift in Sources */,
				9C86B890290991480041729B /* Bundle + Ext.swift in Sources */,
				9C185F472908854C00C7296B /* SignUpViewController.swift in Sources */,
				9C31900C29096EB200F8589A /* SectionHeader.swift in Sources */,
				9C86B8A029099DF80041729B /* UserCollectionViewCell.swift in Sources */,
				9C3190052909688F00F8589A /* GradientView.swift in Sources */,
				9C318FF729093E7000F8589A /* ChatListViewController.swift in Sources */,
				9C1E4F7F29086621001BED50 /* AuthenticationViewController.swift in Sources */,
				9C1E4F9A2908700E001BED50 /* UILabel + Ext.swift in Sources */,
				9C31900729096CA200F8589A /* WaitingChatCollectionViewCell.swift in Sources */,
				9C1E4F9C290870B1001BED50 /* UIImageView + Ext.swift in Sources */,
				9C890DE7290A7820009D5CDF /* AuthenticationService.swift in Sources */,
				9C14EDC2290AB373002E2C50 /* SaveProfileErrors.swift in Sources */,
				9C9369FB2909CD8000470F86 /* ProfileViewController.swift in Sources */,
				9C14EDB4290AAFFB002E2C50 /* FirestoreService.swift in Sources */,
				9C318FE9290931BA00F8589A /* RegistrationViewController.swift in Sources */,
				9C936A012909DAB000470F86 /* ChatRequestViewController.swift in Sources */,
				9C318FF129093E0B00F8589A /* MainTabBarController.swift in Sources */,
				9C318FF529093E6500F8589A /* UsersViewController.swift in Sources */,
				9C1E4F9429086B89001BED50 /* UIButton + Ext.swift in Sources */,
				9C1E4F9629086D5D001BED50 /* UIFont + Ext.swift in Sources */,
				9C9369FD2909D1C300470F86 /* ProfileTextField.swift in Sources */,
				9C319002290961AE00F8589A /* ActiveChatCollectionViewCell.swift in Sources */,
				9C318FEB2909332300F8589A /* AddPhotoView.swift in Sources */,
				9C1E4F9829086DF5001BED50 /* UIColor + Ext.swift in Sources */,
				9C1E4F7B29086621001BED50 /* AppDelegate.swift in Sources */,
				9C318FE52909260C00F8589A /* OneLineTextField.swift in Sources */,
				9C185F4329087EA700C7296B /* UIStackView + Ext.swift in Sources */,
				9C1E4F7D29086621001BED50 /* SceneDelegate.swift in Sources */,
				9C86B89B2909958D0041729B /* MUser.swift in Sources */,
				9C31900A29096D9200F8589A /* CollectionCellProtocol.swift in Sources */,
				9C890DE9290A803A009D5CDF /* ValidationService.swift in Sources */,
				9C86B8A229099F580041729B /* UIViewController + Ext.swift in Sources */,
				9C318FE729092C1A00F8589A /* LoginViewController.swift in Sources */,
				9C890DEB290A82E3009D5CDF /* AuthErrors.swift in Sources */,
				9C14EDB2290AAC90002E2C50 /* AuthenticationNavigationDelegate.swift in Sources */,
				9CE68FCE29087837000CD9D9 /* ButtonView.swift in Sources */,
			);
			runOnlyForDeploymentPostprocessing = 0;
		};
/* End PBXSourcesBuildPhase section */

/* Begin PBXVariantGroup section */
		9C1E4F8529086622001BED50 /* LaunchScreen.storyboard */ = {
			isa = PBXVariantGroup;
			children = (
				9C1E4F8629086622001BED50 /* Base */,
			);
			name = LaunchScreen.storyboard;
			sourceTree = "<group>";
		};
/* End PBXVariantGroup section */

/* Begin XCBuildConfiguration section */
		9C1E4F8929086622001BED50 /* Debug */ = {
			isa = XCBuildConfiguration;
			buildSettings = {
				ALWAYS_SEARCH_USER_PATHS = NO;
				CLANG_ANALYZER_NONNULL = YES;
				CLANG_ANALYZER_NUMBER_OBJECT_CONVERSION = YES_AGGRESSIVE;
				CLANG_CXX_LANGUAGE_STANDARD = "gnu++17";
				CLANG_ENABLE_MODULES = YES;
				CLANG_ENABLE_OBJC_ARC = YES;
				CLANG_ENABLE_OBJC_WEAK = YES;
				CLANG_WARN_BLOCK_CAPTURE_AUTORELEASING = YES;
				CLANG_WARN_BOOL_CONVERSION = YES;
				CLANG_WARN_COMMA = YES;
				CLANG_WARN_CONSTANT_CONVERSION = YES;
				CLANG_WARN_DEPRECATED_OBJC_IMPLEMENTATIONS = YES;
				CLANG_WARN_DIRECT_OBJC_ISA_USAGE = YES_ERROR;
				CLANG_WARN_DOCUMENTATION_COMMENTS = YES;
				CLANG_WARN_EMPTY_BODY = YES;
				CLANG_WARN_ENUM_CONVERSION = YES;
				CLANG_WARN_INFINITE_RECURSION = YES;
				CLANG_WARN_INT_CONVERSION = YES;
				CLANG_WARN_NON_LITERAL_NULL_CONVERSION = YES;
				CLANG_WARN_OBJC_IMPLICIT_RETAIN_SELF = YES;
				CLANG_WARN_OBJC_LITERAL_CONVERSION = YES;
				CLANG_WARN_OBJC_ROOT_CLASS = YES_ERROR;
				CLANG_WARN_QUOTED_INCLUDE_IN_FRAMEWORK_HEADER = YES;
				CLANG_WARN_RANGE_LOOP_ANALYSIS = YES;
				CLANG_WARN_STRICT_PROTOTYPES = YES;
				CLANG_WARN_SUSPICIOUS_MOVE = YES;
				CLANG_WARN_UNGUARDED_AVAILABILITY = YES_AGGRESSIVE;
				CLANG_WARN_UNREACHABLE_CODE = YES;
				CLANG_WARN__DUPLICATE_METHOD_MATCH = YES;
				COPY_PHASE_STRIP = NO;
				DEBUG_INFORMATION_FORMAT = dwarf;
				ENABLE_STRICT_OBJC_MSGSEND = YES;
				ENABLE_TESTABILITY = YES;
				GCC_C_LANGUAGE_STANDARD = gnu11;
				GCC_DYNAMIC_NO_PIC = NO;
				GCC_NO_COMMON_BLOCKS = YES;
				GCC_OPTIMIZATION_LEVEL = 0;
				GCC_PREPROCESSOR_DEFINITIONS = (
					"DEBUG=1",
					"$(inherited)",
				);
				GCC_WARN_64_TO_32_BIT_CONVERSION = YES;
				GCC_WARN_ABOUT_RETURN_TYPE = YES_ERROR;
				GCC_WARN_UNDECLARED_SELECTOR = YES;
				GCC_WARN_UNINITIALIZED_AUTOS = YES_AGGRESSIVE;
				GCC_WARN_UNUSED_FUNCTION = YES;
				GCC_WARN_UNUSED_VARIABLE = YES;
				IPHONEOS_DEPLOYMENT_TARGET = 15.4;
				MTL_ENABLE_DEBUG_INFO = INCLUDE_SOURCE;
				MTL_FAST_MATH = YES;
				ONLY_ACTIVE_ARCH = YES;
				SDKROOT = iphoneos;
				SWIFT_ACTIVE_COMPILATION_CONDITIONS = DEBUG;
				SWIFT_OPTIMIZATION_LEVEL = "-Onone";
			};
			name = Debug;
		};
		9C1E4F8A29086622001BED50 /* Release */ = {
			isa = XCBuildConfiguration;
			buildSettings = {
				ALWAYS_SEARCH_USER_PATHS = NO;
				CLANG_ANALYZER_NONNULL = YES;
				CLANG_ANALYZER_NUMBER_OBJECT_CONVERSION = YES_AGGRESSIVE;
				CLANG_CXX_LANGUAGE_STANDARD = "gnu++17";
				CLANG_ENABLE_MODULES = YES;
				CLANG_ENABLE_OBJC_ARC = YES;
				CLANG_ENABLE_OBJC_WEAK = YES;
				CLANG_WARN_BLOCK_CAPTURE_AUTORELEASING = YES;
				CLANG_WARN_BOOL_CONVERSION = YES;
				CLANG_WARN_COMMA = YES;
				CLANG_WARN_CONSTANT_CONVERSION = YES;
				CLANG_WARN_DEPRECATED_OBJC_IMPLEMENTATIONS = YES;
				CLANG_WARN_DIRECT_OBJC_ISA_USAGE = YES_ERROR;
				CLANG_WARN_DOCUMENTATION_COMMENTS = YES;
				CLANG_WARN_EMPTY_BODY = YES;
				CLANG_WARN_ENUM_CONVERSION = YES;
				CLANG_WARN_INFINITE_RECURSION = YES;
				CLANG_WARN_INT_CONVERSION = YES;
				CLANG_WARN_NON_LITERAL_NULL_CONVERSION = YES;
				CLANG_WARN_OBJC_IMPLICIT_RETAIN_SELF = YES;
				CLANG_WARN_OBJC_LITERAL_CONVERSION = YES;
				CLANG_WARN_OBJC_ROOT_CLASS = YES_ERROR;
				CLANG_WARN_QUOTED_INCLUDE_IN_FRAMEWORK_HEADER = YES;
				CLANG_WARN_RANGE_LOOP_ANALYSIS = YES;
				CLANG_WARN_STRICT_PROTOTYPES = YES;
				CLANG_WARN_SUSPICIOUS_MOVE = YES;
				CLANG_WARN_UNGUARDED_AVAILABILITY = YES_AGGRESSIVE;
				CLANG_WARN_UNREACHABLE_CODE = YES;
				CLANG_WARN__DUPLICATE_METHOD_MATCH = YES;
				COPY_PHASE_STRIP = NO;
				DEBUG_INFORMATION_FORMAT = "dwarf-with-dsym";
				ENABLE_NS_ASSERTIONS = NO;
				ENABLE_STRICT_OBJC_MSGSEND = YES;
				GCC_C_LANGUAGE_STANDARD = gnu11;
				GCC_NO_COMMON_BLOCKS = YES;
				GCC_WARN_64_TO_32_BIT_CONVERSION = YES;
				GCC_WARN_ABOUT_RETURN_TYPE = YES_ERROR;
				GCC_WARN_UNDECLARED_SELECTOR = YES;
				GCC_WARN_UNINITIALIZED_AUTOS = YES_AGGRESSIVE;
				GCC_WARN_UNUSED_FUNCTION = YES;
				GCC_WARN_UNUSED_VARIABLE = YES;
				IPHONEOS_DEPLOYMENT_TARGET = 15.4;
				MTL_ENABLE_DEBUG_INFO = NO;
				MTL_FAST_MATH = YES;
				SDKROOT = iphoneos;
				SWIFT_COMPILATION_MODE = wholemodule;
				SWIFT_OPTIMIZATION_LEVEL = "-O";
				VALIDATE_PRODUCT = YES;
			};
			name = Release;
		};
		9C1E4F8C29086622001BED50 /* Debug */ = {
			isa = XCBuildConfiguration;
			buildSettings = {
				ASSETCATALOG_COMPILER_APPICON_NAME = AppIcon;
				ASSETCATALOG_COMPILER_GLOBAL_ACCENT_COLOR_NAME = AccentColor;
				CODE_SIGN_STYLE = Automatic;
				CURRENT_PROJECT_VERSION = 1;
				DEVELOPMENT_TEAM = SWG4FB8T87;
				GENERATE_INFOPLIST_FILE = YES;
				INFOPLIST_FILE = SpaceChat/Resources/Info.plist;
				INFOPLIST_KEY_UIApplicationSupportsIndirectInputEvents = YES;
				INFOPLIST_KEY_UILaunchStoryboardName = LaunchScreen;
				INFOPLIST_KEY_UISupportedInterfaceOrientations_iPad = "UIInterfaceOrientationPortrait UIInterfaceOrientationPortraitUpsideDown UIInterfaceOrientationLandscapeLeft UIInterfaceOrientationLandscapeRight";
				INFOPLIST_KEY_UISupportedInterfaceOrientations_iPhone = "UIInterfaceOrientationPortrait UIInterfaceOrientationLandscapeLeft UIInterfaceOrientationLandscapeRight";
				IPHONEOS_DEPLOYMENT_TARGET = 15.4;
				LD_RUNPATH_SEARCH_PATHS = (
					"$(inherited)",
					"@executable_path/Frameworks",
				);
				MARKETING_VERSION = 1.0;
				PRODUCT_BUNDLE_IDENTIFIER = "Artem-Golikov.SpaceChat";
				PRODUCT_NAME = "$(TARGET_NAME)";
				SWIFT_EMIT_LOC_STRINGS = YES;
				SWIFT_VERSION = 5.0;
				TARGETED_DEVICE_FAMILY = "1,2";
			};
			name = Debug;
		};
		9C1E4F8D29086622001BED50 /* Release */ = {
			isa = XCBuildConfiguration;
			buildSettings = {
				ASSETCATALOG_COMPILER_APPICON_NAME = AppIcon;
				ASSETCATALOG_COMPILER_GLOBAL_ACCENT_COLOR_NAME = AccentColor;
				CODE_SIGN_STYLE = Automatic;
				CURRENT_PROJECT_VERSION = 1;
				DEVELOPMENT_TEAM = SWG4FB8T87;
				GENERATE_INFOPLIST_FILE = YES;
				INFOPLIST_FILE = SpaceChat/Resources/Info.plist;
				INFOPLIST_KEY_UIApplicationSupportsIndirectInputEvents = YES;
				INFOPLIST_KEY_UILaunchStoryboardName = LaunchScreen;
				INFOPLIST_KEY_UISupportedInterfaceOrientations_iPad = "UIInterfaceOrientationPortrait UIInterfaceOrientationPortraitUpsideDown UIInterfaceOrientationLandscapeLeft UIInterfaceOrientationLandscapeRight";
				INFOPLIST_KEY_UISupportedInterfaceOrientations_iPhone = "UIInterfaceOrientationPortrait UIInterfaceOrientationLandscapeLeft UIInterfaceOrientationLandscapeRight";
				IPHONEOS_DEPLOYMENT_TARGET = 15.4;
				LD_RUNPATH_SEARCH_PATHS = (
					"$(inherited)",
					"@executable_path/Frameworks",
				);
				MARKETING_VERSION = 1.0;
				PRODUCT_BUNDLE_IDENTIFIER = "Artem-Golikov.SpaceChat";
				PRODUCT_NAME = "$(TARGET_NAME)";
				SWIFT_EMIT_LOC_STRINGS = YES;
				SWIFT_VERSION = 5.0;
				TARGETED_DEVICE_FAMILY = "1,2";
			};
			name = Release;
		};
/* End XCBuildConfiguration section */

/* Begin XCConfigurationList section */
		9C1E4F7229086621001BED50 /* Build configuration list for PBXProject "SpaceChat" */ = {
			isa = XCConfigurationList;
			buildConfigurations = (
				9C1E4F8929086622001BED50 /* Debug */,
				9C1E4F8A29086622001BED50 /* Release */,
			);
			defaultConfigurationIsVisible = 0;
			defaultConfigurationName = Release;
		};
		9C1E4F8B29086622001BED50 /* Build configuration list for PBXNativeTarget "SpaceChat" */ = {
			isa = XCConfigurationList;
			buildConfigurations = (
				9C1E4F8C29086622001BED50 /* Debug */,
				9C1E4F8D29086622001BED50 /* Release */,
			);
			defaultConfigurationIsVisible = 0;
			defaultConfigurationName = Release;
		};
/* End XCConfigurationList section */

/* Begin XCRemoteSwiftPackageReference section */
		9C14EDB8290AB0C9002E2C50 /* XCRemoteSwiftPackageReference "firebase-ios-sdk" */ = {
			isa = XCRemoteSwiftPackageReference;
			repositoryURL = "https://github.com/firebase/firebase-ios-sdk";
			requirement = {
				kind = upToNextMajorVersion;
				minimumVersion = 9.0.0;
			};
		};
		9C1E4F9E29087706001BED50 /* XCRemoteSwiftPackageReference "SnapKit" */ = {
			isa = XCRemoteSwiftPackageReference;
			repositoryURL = "https://github.com/SnapKit/SnapKit.git";
			requirement = {
				branch = develop;
				kind = branch;
			};
		};
/* End XCRemoteSwiftPackageReference section */

/* Begin XCSwiftPackageProductDependency section */
		9C14EDB9290AB0C9002E2C50 /* FirebaseAuth */ = {
			isa = XCSwiftPackageProductDependency;
			package = 9C14EDB8290AB0C9002E2C50 /* XCRemoteSwiftPackageReference "firebase-ios-sdk" */;
			productName = FirebaseAuth;
		};
		9C14EDBB290AB0C9002E2C50 /* FirebaseFirestore */ = {
			isa = XCSwiftPackageProductDependency;
			package = 9C14EDB8290AB0C9002E2C50 /* XCRemoteSwiftPackageReference "firebase-ios-sdk" */;
			productName = FirebaseFirestore;
		};
		9C14EDBD290AB0C9002E2C50 /* FirebaseFirestoreSwift */ = {
			isa = XCSwiftPackageProductDependency;
			package = 9C14EDB8290AB0C9002E2C50 /* XCRemoteSwiftPackageReference "firebase-ios-sdk" */;
			productName = FirebaseFirestoreSwift;
		};
		9C14EDBF290AB0C9002E2C50 /* FirebaseStorage */ = {
			isa = XCSwiftPackageProductDependency;
			package = 9C14EDB8290AB0C9002E2C50 /* XCRemoteSwiftPackageReference "firebase-ios-sdk" */;
			productName = FirebaseStorage;
		};
		9C1E4F9F29087706001BED50 /* SnapKit */ = {
			isa = XCSwiftPackageProductDependency;
			package = 9C1E4F9E29087706001BED50 /* XCRemoteSwiftPackageReference "SnapKit" */;
			productName = SnapKit;
		};
/* End XCSwiftPackageProductDependency section */
	};
	rootObject = 9C1E4F6F29086621001BED50 /* Project object */;
}
