// !$*UTF8*$!
{
	archiveVersion = 1;
	classes = {
	};
	objectVersion = 55;
	objects = {

/* Begin PBXBuildFile section */
		9C185F4329087EA700C7296B /* UIStackView + Ext.swift in Sources */ = {isa = PBXBuildFile; fileRef = 9C185F4229087EA700C7296B /* UIStackView + Ext.swift */; };
		9C185F472908854C00C7296B /* SignUpViewController.swift in Sources */ = {isa = PBXBuildFile; fileRef = 9C185F462908854C00C7296B /* SignUpViewController.swift */; };
		9C1E4F7B29086621001BED50 /* AppDelegate.swift in Sources */ = {isa = PBXBuildFile; fileRef = 9C1E4F7A29086621001BED50 /* AppDelegate.swift */; };
		9C1E4F7D29086621001BED50 /* SceneDelegate.swift in Sources */ = {isa = PBXBuildFile; fileRef = 9C1E4F7C29086621001BED50 /* SceneDelegate.swift */; };
		9C1E4F7F29086621001BED50 /* AuthenticationViewController.swift in Sources */ = {isa = PBXBuildFile; fileRef = 9C1E4F7E29086621001BED50 /* AuthenticationViewController.swift */; };
		9C1E4F8429086622001BED50 /* Assets.xcassets in Resources */ = {isa = PBXBuildFile; fileRef = 9C1E4F8329086622001BED50 /* Assets.xcassets */; };
		9C1E4F8729086622001BED50 /* LaunchScreen.storyboard in Resources */ = {isa = PBXBuildFile; fileRef = 9C1E4F8529086622001BED50 /* LaunchScreen.storyboard */; };
		9C1E4F9429086B89001BED50 /* UIButton + Ext.swift in Sources */ = {isa = PBXBuildFile; fileRef = 9C1E4F9329086B89001BED50 /* UIButton + Ext.swift */; };
		9C1E4F9629086D5D001BED50 /* UIFont + Ext.swift in Sources */ = {isa = PBXBuildFile; fileRef = 9C1E4F9529086D5D001BED50 /* UIFont + Ext.swift */; };
		9C1E4F9829086DF5001BED50 /* UIColor + Ext.swift in Sources */ = {isa = PBXBuildFile; fileRef = 9C1E4F9729086DF5001BED50 /* UIColor + Ext.swift */; };
		9C1E4F9A2908700E001BED50 /* UILabel + Ext.swift in Sources */ = {isa = PBXBuildFile; fileRef = 9C1E4F992908700E001BED50 /* UILabel + Ext.swift */; };
		9C1E4F9C290870B1001BED50 /* UIImageView + Ext.swift in Sources */ = {isa = PBXBuildFile; fileRef = 9C1E4F9B290870B1001BED50 /* UIImageView + Ext.swift */; };
		9C1E4FA029087706001BED50 /* SnapKit in Frameworks */ = {isa = PBXBuildFile; productRef = 9C1E4F9F29087706001BED50 /* SnapKit */; };
		9C318FE52909260C00F8589A /* OneLineTextField.swift in Sources */ = {isa = PBXBuildFile; fileRef = 9C318FE42909260C00F8589A /* OneLineTextField.swift */; };
		9C318FE729092C1A00F8589A /* LoginViewController.swift in Sources */ = {isa = PBXBuildFile; fileRef = 9C318FE629092C1A00F8589A /* LoginViewController.swift */; };
		9C318FE9290931BA00F8589A /* RegistrationViewController.swift in Sources */ = {isa = PBXBuildFile; fileRef = 9C318FE8290931BA00F8589A /* RegistrationViewController.swift */; };
		9C318FEB2909332300F8589A /* AddPhotoView.swift in Sources */ = {isa = PBXBuildFile; fileRef = 9C318FEA2909332300F8589A /* AddPhotoView.swift */; };
		9C318FED290938DD00F8589A /* SegmentedControl + Ext.swift in Sources */ = {isa = PBXBuildFile; fileRef = 9C318FEC290938DD00F8589A /* SegmentedControl + Ext.swift */; };
		9CE68FCE29087837000CD9D9 /* ButtonView.swift in Sources */ = {isa = PBXBuildFile; fileRef = 9CE68FCD29087837000CD9D9 /* ButtonView.swift */; };
/* End PBXBuildFile section */

/* Begin PBXFileReference section */
		9C185F4229087EA700C7296B /* UIStackView + Ext.swift */ = {isa = PBXFileReference; lastKnownFileType = sourcecode.swift; path = "UIStackView + Ext.swift"; sourceTree = "<group>"; };
		9C185F462908854C00C7296B /* SignUpViewController.swift */ = {isa = PBXFileReference; lastKnownFileType = sourcecode.swift; path = SignUpViewController.swift; sourceTree = "<group>"; };
		9C1E4F7729086621001BED50 /* SpaceChat.app */ = {isa = PBXFileReference; explicitFileType = wrapper.application; includeInIndex = 0; path = SpaceChat.app; sourceTree = BUILT_PRODUCTS_DIR; };
		9C1E4F7A29086621001BED50 /* AppDelegate.swift */ = {isa = PBXFileReference; lastKnownFileType = sourcecode.swift; path = AppDelegate.swift; sourceTree = "<group>"; };
		9C1E4F7C29086621001BED50 /* SceneDelegate.swift */ = {isa = PBXFileReference; lastKnownFileType = sourcecode.swift; path = SceneDelegate.swift; sourceTree = "<group>"; };
		9C1E4F7E29086621001BED50 /* AuthenticationViewController.swift */ = {isa = PBXFileReference; lastKnownFileType = sourcecode.swift; path = AuthenticationViewController.swift; sourceTree = "<group>"; };
		9C1E4F8329086622001BED50 /* Assets.xcassets */ = {isa = PBXFileReference; lastKnownFileType = folder.assetcatalog; path = Assets.xcassets; sourceTree = "<group>"; };
		9C1E4F8629086622001BED50 /* Base */ = {isa = PBXFileReference; lastKnownFileType = file.storyboard; name = Base; path = Base.lproj/LaunchScreen.storyboard; sourceTree = "<group>"; };
		9C1E4F8829086622001BED50 /* Info.plist */ = {isa = PBXFileReference; lastKnownFileType = text.plist.xml; path = Info.plist; sourceTree = "<group>"; };
		9C1E4F9329086B89001BED50 /* UIButton + Ext.swift */ = {isa = PBXFileReference; lastKnownFileType = sourcecode.swift; path = "UIButton + Ext.swift"; sourceTree = "<group>"; };
		9C1E4F9529086D5D001BED50 /* UIFont + Ext.swift */ = {isa = PBXFileReference; lastKnownFileType = sourcecode.swift; path = "UIFont + Ext.swift"; sourceTree = "<group>"; };
		9C1E4F9729086DF5001BED50 /* UIColor + Ext.swift */ = {isa = PBXFileReference; lastKnownFileType = sourcecode.swift; path = "UIColor + Ext.swift"; sourceTree = "<group>"; };
		9C1E4F992908700E001BED50 /* UILabel + Ext.swift */ = {isa = PBXFileReference; lastKnownFileType = sourcecode.swift; path = "UILabel + Ext.swift"; sourceTree = "<group>"; };
		9C1E4F9B290870B1001BED50 /* UIImageView + Ext.swift */ = {isa = PBXFileReference; lastKnownFileType = sourcecode.swift; path = "UIImageView + Ext.swift"; sourceTree = "<group>"; };
		9C318FE42909260C00F8589A /* OneLineTextField.swift */ = {isa = PBXFileReference; lastKnownFileType = sourcecode.swift; path = OneLineTextField.swift; sourceTree = "<group>"; };
		9C318FE629092C1A00F8589A /* LoginViewController.swift */ = {isa = PBXFileReference; lastKnownFileType = sourcecode.swift; path = LoginViewController.swift; sourceTree = "<group>"; };
		9C318FE8290931BA00F8589A /* RegistrationViewController.swift */ = {isa = PBXFileReference; lastKnownFileType = sourcecode.swift; path = RegistrationViewController.swift; sourceTree = "<group>"; };
		9C318FEA2909332300F8589A /* AddPhotoView.swift */ = {isa = PBXFileReference; lastKnownFileType = sourcecode.swift; path = AddPhotoView.swift; sourceTree = "<group>"; };
		9C318FEC290938DD00F8589A /* SegmentedControl + Ext.swift */ = {isa = PBXFileReference; lastKnownFileType = sourcecode.swift; path = "SegmentedControl + Ext.swift"; sourceTree = "<group>"; };
		9CE68FCD29087837000CD9D9 /* ButtonView.swift */ = {isa = PBXFileReference; lastKnownFileType = sourcecode.swift; path = ButtonView.swift; sourceTree = "<group>"; };
/* End PBXFileReference section */

/* Begin PBXFrameworksBuildPhase section */
		9C1E4F7429086621001BED50 /* Frameworks */ = {
			isa = PBXFrameworksBuildPhase;
			buildActionMask = 2147483647;
			files = (
				9C1E4FA029087706001BED50 /* SnapKit in Frameworks */,
			);
			runOnlyForDeploymentPostprocessing = 0;
		};
/* End PBXFrameworksBuildPhase section */

/* Begin PBXGroup section */
		9C185F442908803600C7296B /* ViewControllers */ = {
			isa = PBXGroup;
			children = (
				9C1E4F7E29086621001BED50 /* AuthenticationViewController.swift */,
				9C185F462908854C00C7296B /* SignUpViewController.swift */,
				9C318FE629092C1A00F8589A /* LoginViewController.swift */,
				9C318FE8290931BA00F8589A /* RegistrationViewController.swift */,
			);
			path = ViewControllers;
			sourceTree = "<group>";
		};
		9C185F452908804500C7296B /* CustomViews */ = {
			isa = PBXGroup;
			children = (
				9CE68FCD29087837000CD9D9 /* ButtonView.swift */,
				9C318FE42909260C00F8589A /* OneLineTextField.swift */,
				9C318FEA2909332300F8589A /* AddPhotoView.swift */,
			);
			path = CustomViews;
			sourceTree = "<group>";
		};
		9C1E4F6E29086621001BED50 = {
			isa = PBXGroup;
			children = (
				9C1E4F7929086621001BED50 /* SpaceChat */,
				9C1E4F7829086621001BED50 /* Products */,
			);
			sourceTree = "<group>";
		};
		9C1E4F7829086621001BED50 /* Products */ = {
			isa = PBXGroup;
			children = (
				9C1E4F7729086621001BED50 /* SpaceChat.app */,
			);
			name = Products;
			sourceTree = "<group>";
		};
		9C1E4F7929086621001BED50 /* SpaceChat */ = {
			isa = PBXGroup;
			children = (
				9C1E4F8F290869A5001BED50 /* Sources */,
				9C1E4F8E290869A0001BED50 /* Resources */,
			);
			path = SpaceChat;
			sourceTree = "<group>";
		};
		9C1E4F8E290869A0001BED50 /* Resources */ = {
			isa = PBXGroup;
			children = (
				9C1E4F8829086622001BED50 /* Info.plist */,
				9C1E4F8329086622001BED50 /* Assets.xcassets */,
			);
			path = Resources;
			sourceTree = "<group>";
		};
		9C1E4F8F290869A5001BED50 /* Sources */ = {
			isa = PBXGroup;
			children = (
				9C185F452908804500C7296B /* CustomViews */,
				9C185F442908803600C7296B /* ViewControllers */,
				9C1E4F9229086B7F001BED50 /* Extensions */,
				9C1E4F91290869BC001BED50 /* App */,
				9C1E4F90290869B1001BED50 /* Storyboards */,
			);
			path = Sources;
			sourceTree = "<group>";
		};
		9C1E4F90290869B1001BED50 /* Storyboards */ = {
			isa = PBXGroup;
			children = (
				9C1E4F8529086622001BED50 /* LaunchScreen.storyboard */,
			);
			path = Storyboards;
			sourceTree = "<group>";
		};
		9C1E4F91290869BC001BED50 /* App */ = {
			isa = PBXGroup;
			children = (
				9C1E4F7A29086621001BED50 /* AppDelegate.swift */,
				9C1E4F7C29086621001BED50 /* SceneDelegate.swift */,
			);
			path = App;
			sourceTree = "<group>";
		};
		9C1E4F9229086B7F001BED50 /* Extensions */ = {
			isa = PBXGroup;
			children = (
				9C1E4F9D29087668001BED50 /* UIKit */,
			);
			path = Extensions;
			sourceTree = "<group>";
		};
		9C1E4F9D29087668001BED50 /* UIKit */ = {
			isa = PBXGroup;
			children = (
				9C1E4F9329086B89001BED50 /* UIButton + Ext.swift */,
				9C1E4F9529086D5D001BED50 /* UIFont + Ext.swift */,
				9C1E4F9729086DF5001BED50 /* UIColor + Ext.swift */,
				9C1E4F992908700E001BED50 /* UILabel + Ext.swift */,
				9C1E4F9B290870B1001BED50 /* UIImageView + Ext.swift */,
				9C185F4229087EA700C7296B /* UIStackView + Ext.swift */,
				9C318FEC290938DD00F8589A /* SegmentedControl + Ext.swift */,
			);
			path = UIKit;
			sourceTree = "<group>";
		};
/* End PBXGroup section */

/* Begin PBXNativeTarget section */
		9C1E4F7629086621001BED50 /* SpaceChat */ = {
			isa = PBXNativeTarget;
			buildConfigurationList = 9C1E4F8B29086622001BED50 /* Build configuration list for PBXNativeTarget "SpaceChat" */;
			buildPhases = (
				9C1E4F7329086621001BED50 /* Sources */,
				9C1E4F7429086621001BED50 /* Frameworks */,
				9C1E4F7529086621001BED50 /* Resources */,
			);
			buildRules = (
			);
			dependencies = (
			);
			name = SpaceChat;
			packageProductDependencies = (
				9C1E4F9F29087706001BED50 /* SnapKit */,
			);
			productName = SpaceChat;
			productReference = 9C1E4F7729086621001BED50 /* SpaceChat.app */;
			productType = "com.apple.product-type.application";
		};
/* End PBXNativeTarget section */

/* Begin PBXProject section */
		9C1E4F6F29086621001BED50 /* Project object */ = {
			isa = PBXProject;
			attributes = {
				BuildIndependentTargetsInParallel = 1;
				LastSwiftUpdateCheck = 1330;
				LastUpgradeCheck = 1330;
				TargetAttributes = {
					9C1E4F7629086621001BED50 = {
						CreatedOnToolsVersion = 13.3.1;
					};
				};
			};
			buildConfigurationList = 9C1E4F7229086621001BED50 /* Build configuration list for PBXProject "SpaceChat" */;
			compatibilityVersion = "Xcode 13.0";
			developmentRegion = en;
			hasScannedForEncodings = 0;
			knownRegions = (
				en,
				Base,
			);
			mainGroup = 9C1E4F6E29086621001BED50;
			packageReferences = (
				9C1E4F9E29087706001BED50 /* XCRemoteSwiftPackageReference "SnapKit" */,
			);
			productRefGroup = 9C1E4F7829086621001BED50 /* Products */;
			projectDirPath = "";
			projectRoot = "";
			targets = (
				9C1E4F7629086621001BED50 /* SpaceChat */,
			);
		};
/* End PBXProject section */

/* Begin PBXResourcesBuildPhase section */
		9C1E4F7529086621001BED50 /* Resources */ = {
			isa = PBXResourcesBuildPhase;
			buildActionMask = 2147483647;
			files = (
				9C1E4F8729086622001BED50 /* LaunchScreen.storyboard in Resources */,
				9C1E4F8429086622001BED50 /* Assets.xcassets in Resources */,
			);
			runOnlyForDeploymentPostprocessing = 0;
		};
/* End PBXResourcesBuildPhase section */

/* Begin PBXSourcesBuildPhase section */
		9C1E4F7329086621001BED50 /* Sources */ = {
			isa = PBXSourcesBuildPhase;
			buildActionMask = 2147483647;
			files = (
				9C318FED290938DD00F8589A /* SegmentedControl + Ext.swift in Sources */,
				9C185F472908854C00C7296B /* SignUpViewController.swift in Sources */,
				9C1E4F7F29086621001BED50 /* AuthenticationViewController.swift in Sources */,
				9C1E4F9A2908700E001BED50 /* UILabel + Ext.swift in Sources */,
				9C1E4F9C290870B1001BED50 /* UIImageView + Ext.swift in Sources */,
				9C318FE9290931BA00F8589A /* RegistrationViewController.swift in Sources */,
				9C1E4F9429086B89001BED50 /* UIButton + Ext.swift in Sources */,
				9C1E4F9629086D5D001BED50 /* UIFont + Ext.swift in Sources */,
				9C318FEB2909332300F8589A /* AddPhotoView.swift in Sources */,
				9C1E4F9829086DF5001BED50 /* UIColor + Ext.swift in Sources */,
				9C1E4F7B29086621001BED50 /* AppDelegate.swift in Sources */,
				9C318FE52909260C00F8589A /* OneLineTextField.swift in Sources */,
				9C185F4329087EA700C7296B /* UIStackView + Ext.swift in Sources */,
				9C1E4F7D29086621001BED50 /* SceneDelegate.swift in Sources */,
				9C318FE729092C1A00F8589A /* LoginViewController.swift in Sources */,
				9CE68FCE29087837000CD9D9 /* ButtonView.swift in Sources */,
			);
			runOnlyForDeploymentPostprocessing = 0;
		};
/* End PBXSourcesBuildPhase section */

/* Begin PBXVariantGroup section */
		9C1E4F8529086622001BED50 /* LaunchScreen.storyboard */ = {
			isa = PBXVariantGroup;
			children = (
				9C1E4F8629086622001BED50 /* Base */,
			);
			name = LaunchScreen.storyboard;
			sourceTree = "<group>";
		};
/* End PBXVariantGroup section */

/* Begin XCBuildConfiguration section */
		9C1E4F8929086622001BED50 /* Debug */ = {
			isa = XCBuildConfiguration;
			buildSettings = {
				ALWAYS_SEARCH_USER_PATHS = NO;
				CLANG_ANALYZER_NONNULL = YES;
				CLANG_ANALYZER_NUMBER_OBJECT_CONVERSION = YES_AGGRESSIVE;
				CLANG_CXX_LANGUAGE_STANDARD = "gnu++17";
				CLANG_ENABLE_MODULES = YES;
				CLANG_ENABLE_OBJC_ARC = YES;
				CLANG_ENABLE_OBJC_WEAK = YES;
				CLANG_WARN_BLOCK_CAPTURE_AUTORELEASING = YES;
				CLANG_WARN_BOOL_CONVERSION = YES;
				CLANG_WARN_COMMA = YES;
				CLANG_WARN_CONSTANT_CONVERSION = YES;
				CLANG_WARN_DEPRECATED_OBJC_IMPLEMENTATIONS = YES;
				CLANG_WARN_DIRECT_OBJC_ISA_USAGE = YES_ERROR;
				CLANG_WARN_DOCUMENTATION_COMMENTS = YES;
				CLANG_WARN_EMPTY_BODY = YES;
				CLANG_WARN_ENUM_CONVERSION = YES;
				CLANG_WARN_INFINITE_RECURSION = YES;
				CLANG_WARN_INT_CONVERSION = YES;
				CLANG_WARN_NON_LITERAL_NULL_CONVERSION = YES;
				CLANG_WARN_OBJC_IMPLICIT_RETAIN_SELF = YES;
				CLANG_WARN_OBJC_LITERAL_CONVERSION = YES;
				CLANG_WARN_OBJC_ROOT_CLASS = YES_ERROR;
				CLANG_WARN_QUOTED_INCLUDE_IN_FRAMEWORK_HEADER = YES;
				CLANG_WARN_RANGE_LOOP_ANALYSIS = YES;
				CLANG_WARN_STRICT_PROTOTYPES = YES;
				CLANG_WARN_SUSPICIOUS_MOVE = YES;
				CLANG_WARN_UNGUARDED_AVAILABILITY = YES_AGGRESSIVE;
				CLANG_WARN_UNREACHABLE_CODE = YES;
				CLANG_WARN__DUPLICATE_METHOD_MATCH = YES;
				COPY_PHASE_STRIP = NO;
				DEBUG_INFORMATION_FORMAT = dwarf;
				ENABLE_STRICT_OBJC_MSGSEND = YES;
				ENABLE_TESTABILITY = YES;
				GCC_C_LANGUAGE_STANDARD = gnu11;
				GCC_DYNAMIC_NO_PIC = NO;
				GCC_NO_COMMON_BLOCKS = YES;
				GCC_OPTIMIZATION_LEVEL = 0;
				GCC_PREPROCESSOR_DEFINITIONS = (
					"DEBUG=1",
					"$(inherited)",
				);
				GCC_WARN_64_TO_32_BIT_CONVERSION = YES;
				GCC_WARN_ABOUT_RETURN_TYPE = YES_ERROR;
				GCC_WARN_UNDECLARED_SELECTOR = YES;
				GCC_WARN_UNINITIALIZED_AUTOS = YES_AGGRESSIVE;
				GCC_WARN_UNUSED_FUNCTION = YES;
				GCC_WARN_UNUSED_VARIABLE = YES;
				IPHONEOS_DEPLOYMENT_TARGET = 15.4;
				MTL_ENABLE_DEBUG_INFO = INCLUDE_SOURCE;
				MTL_FAST_MATH = YES;
				ONLY_ACTIVE_ARCH = YES;
				SDKROOT = iphoneos;
				SWIFT_ACTIVE_COMPILATION_CONDITIONS = DEBUG;
				SWIFT_OPTIMIZATION_LEVEL = "-Onone";
			};
			name = Debug;
		};
		9C1E4F8A29086622001BED50 /* Release */ = {
			isa = XCBuildConfiguration;
			buildSettings = {
				ALWAYS_SEARCH_USER_PATHS = NO;
				CLANG_ANALYZER_NONNULL = YES;
				CLANG_ANALYZER_NUMBER_OBJECT_CONVERSION = YES_AGGRESSIVE;
				CLANG_CXX_LANGUAGE_STANDARD = "gnu++17";
				CLANG_ENABLE_MODULES = YES;
				CLANG_ENABLE_OBJC_ARC = YES;
				CLANG_ENABLE_OBJC_WEAK = YES;
				CLANG_WARN_BLOCK_CAPTURE_AUTORELEASING = YES;
				CLANG_WARN_BOOL_CONVERSION = YES;
				CLANG_WARN_COMMA = YES;
				CLANG_WARN_CONSTANT_CONVERSION = YES;
				CLANG_WARN_DEPRECATED_OBJC_IMPLEMENTATIONS = YES;
				CLANG_WARN_DIRECT_OBJC_ISA_USAGE = YES_ERROR;
				CLANG_WARN_DOCUMENTATION_COMMENTS = YES;
				CLANG_WARN_EMPTY_BODY = YES;
				CLANG_WARN_ENUM_CONVERSION = YES;
				CLANG_WARN_INFINITE_RECURSION = YES;
				CLANG_WARN_INT_CONVERSION = YES;
				CLANG_WARN_NON_LITERAL_NULL_CONVERSION = YES;
				CLANG_WARN_OBJC_IMPLICIT_RETAIN_SELF = YES;
				CLANG_WARN_OBJC_LITERAL_CONVERSION = YES;
				CLANG_WARN_OBJC_ROOT_CLASS = YES_ERROR;
				CLANG_WARN_QUOTED_INCLUDE_IN_FRAMEWORK_HEADER = YES;
				CLANG_WARN_RANGE_LOOP_ANALYSIS = YES;
				CLANG_WARN_STRICT_PROTOTYPES = YES;
				CLANG_WARN_SUSPICIOUS_MOVE = YES;
				CLANG_WARN_UNGUARDED_AVAILABILITY = YES_AGGRESSIVE;
				CLANG_WARN_UNREACHABLE_CODE = YES;
				CLANG_WARN__DUPLICATE_METHOD_MATCH = YES;
				COPY_PHASE_STRIP = NO;
				DEBUG_INFORMATION_FORMAT = "dwarf-with-dsym";
				ENABLE_NS_ASSERTIONS = NO;
				ENABLE_STRICT_OBJC_MSGSEND = YES;
				GCC_C_LANGUAGE_STANDARD = gnu11;
				GCC_NO_COMMON_BLOCKS = YES;
				GCC_WARN_64_TO_32_BIT_CONVERSION = YES;
				GCC_WARN_ABOUT_RETURN_TYPE = YES_ERROR;
				GCC_WARN_UNDECLARED_SELECTOR = YES;
				GCC_WARN_UNINITIALIZED_AUTOS = YES_AGGRESSIVE;
				GCC_WARN_UNUSED_FUNCTION = YES;
				GCC_WARN_UNUSED_VARIABLE = YES;
				IPHONEOS_DEPLOYMENT_TARGET = 15.4;
				MTL_ENABLE_DEBUG_INFO = NO;
				MTL_FAST_MATH = YES;
				SDKROOT = iphoneos;
				SWIFT_COMPILATION_MODE = wholemodule;
				SWIFT_OPTIMIZATION_LEVEL = "-O";
				VALIDATE_PRODUCT = YES;
			};
			name = Release;
		};
		9C1E4F8C29086622001BED50 /* Debug */ = {
			isa = XCBuildConfiguration;
			buildSettings = {
				ASSETCATALOG_COMPILER_APPICON_NAME = AppIcon;
				ASSETCATALOG_COMPILER_GLOBAL_ACCENT_COLOR_NAME = AccentColor;
				CODE_SIGN_STYLE = Automatic;
				CURRENT_PROJECT_VERSION = 1;
				DEVELOPMENT_TEAM = SWG4FB8T87;
				GENERATE_INFOPLIST_FILE = YES;
				INFOPLIST_FILE = SpaceChat/Resources/Info.plist;
				INFOPLIST_KEY_UIApplicationSupportsIndirectInputEvents = YES;
				INFOPLIST_KEY_UILaunchStoryboardName = LaunchScreen;
				INFOPLIST_KEY_UISupportedInterfaceOrientations_iPad = "UIInterfaceOrientationPortrait UIInterfaceOrientationPortraitUpsideDown UIInterfaceOrientationLandscapeLeft UIInterfaceOrientationLandscapeRight";
				INFOPLIST_KEY_UISupportedInterfaceOrientations_iPhone = "UIInterfaceOrientationPortrait UIInterfaceOrientationLandscapeLeft UIInterfaceOrientationLandscapeRight";
				LD_RUNPATH_SEARCH_PATHS = (
					"$(inherited)",
					"@executable_path/Frameworks",
				);
				MARKETING_VERSION = 1.0;
				PRODUCT_BUNDLE_IDENTIFIER = "Artem-Golikov.SpaceChat";
				PRODUCT_NAME = "$(TARGET_NAME)";
				SWIFT_EMIT_LOC_STRINGS = YES;
				SWIFT_VERSION = 5.0;
				TARGETED_DEVICE_FAMILY = "1,2";
			};
			name = Debug;
		};
		9C1E4F8D29086622001BED50 /* Release */ = {
			isa = XCBuildConfiguration;
			buildSettings = {
				ASSETCATALOG_COMPILER_APPICON_NAME = AppIcon;
				ASSETCATALOG_COMPILER_GLOBAL_ACCENT_COLOR_NAME = AccentColor;
				CODE_SIGN_STYLE = Automatic;
				CURRENT_PROJECT_VERSION = 1;
				DEVELOPMENT_TEAM = SWG4FB8T87;
				GENERATE_INFOPLIST_FILE = YES;
				INFOPLIST_FILE = SpaceChat/Resources/Info.plist;
				INFOPLIST_KEY_UIApplicationSupportsIndirectInputEvents = YES;
				INFOPLIST_KEY_UILaunchStoryboardName = LaunchScreen;
				INFOPLIST_KEY_UISupportedInterfaceOrientations_iPad = "UIInterfaceOrientationPortrait UIInterfaceOrientationPortraitUpsideDown UIInterfaceOrientationLandscapeLeft UIInterfaceOrientationLandscapeRight";
				INFOPLIST_KEY_UISupportedInterfaceOrientations_iPhone = "UIInterfaceOrientationPortrait UIInterfaceOrientationLandscapeLeft UIInterfaceOrientationLandscapeRight";
				LD_RUNPATH_SEARCH_PATHS = (
					"$(inherited)",
					"@executable_path/Frameworks",
				);
				MARKETING_VERSION = 1.0;
				PRODUCT_BUNDLE_IDENTIFIER = "Artem-Golikov.SpaceChat";
				PRODUCT_NAME = "$(TARGET_NAME)";
				SWIFT_EMIT_LOC_STRINGS = YES;
				SWIFT_VERSION = 5.0;
				TARGETED_DEVICE_FAMILY = "1,2";
			};
			name = Release;
		};
/* End XCBuildConfiguration section */

/* Begin XCConfigurationList section */
		9C1E4F7229086621001BED50 /* Build configuration list for PBXProject "SpaceChat" */ = {
			isa = XCConfigurationList;
			buildConfigurations = (
				9C1E4F8929086622001BED50 /* Debug */,
				9C1E4F8A29086622001BED50 /* Release */,
			);
			defaultConfigurationIsVisible = 0;
			defaultConfigurationName = Release;
		};
		9C1E4F8B29086622001BED50 /* Build configuration list for PBXNativeTarget "SpaceChat" */ = {
			isa = XCConfigurationList;
			buildConfigurations = (
				9C1E4F8C29086622001BED50 /* Debug */,
				9C1E4F8D29086622001BED50 /* Release */,
			);
			defaultConfigurationIsVisible = 0;
			defaultConfigurationName = Release;
		};
/* End XCConfigurationList section */

/* Begin XCRemoteSwiftPackageReference section */
		9C1E4F9E29087706001BED50 /* XCRemoteSwiftPackageReference "SnapKit" */ = {
			isa = XCRemoteSwiftPackageReference;
			repositoryURL = "https://github.com/SnapKit/SnapKit.git";
			requirement = {
				branch = develop;
				kind = branch;
			};
		};
/* End XCRemoteSwiftPackageReference section */

/* Begin XCSwiftPackageProductDependency section */
		9C1E4F9F29087706001BED50 /* SnapKit */ = {
			isa = XCSwiftPackageProductDependency;
			package = 9C1E4F9E29087706001BED50 /* XCRemoteSwiftPackageReference "SnapKit" */;
			productName = SnapKit;
		};
/* End XCSwiftPackageProductDependency section */
	};
	rootObject = 9C1E4F6F29086621001BED50 /* Project object */;
}
